
Microsoft Visual Studio Solution File, Format Version 12.00
Project("{FAE04EC0-301F-11D3-BF4B-00C04F79EFBC}") = "DecksSorter", "DecksSorter\DecksSorter.csproj", "{6B357280-8C66-4D98-87C8-BD51E0FB63E6}"
EndProject
Project("{FAE04EC0-301F-11D3-BF4B-00C04F79EFBC}") = "Tests", "Tests\Tests.csproj", "{ECCF2C12-A8BD-4684-8E4B-1E2F2744CAAB}"
EndProject
Global
	GlobalSection(SolutionConfigurationPlatforms) = preSolution
		Debug|Any CPU = Debug|Any CPU
		Release|Any CPU = Release|Any CPU
	EndGlobalSection
	GlobalSection(ProjectConfigurationPlatforms) = postSolution
		{6B357280-8C66-4D98-87C8-BD51E0FB63E6}.Debug|Any CPU.ActiveCfg = Debug|Any CPU
		{6B357280-8C66-4D98-87C8-BD51E0FB63E6}.Debug|Any CPU.Build.0 = Debug|Any CPU
		{6B357280-8C66-4D98-87C8-BD51E0FB63E6}.Release|Any CPU.ActiveCfg = Release|Any CPU
		{6B357280-8C66-4D98-87C8-BD51E0FB63E6}.Release|Any CPU.Build.0 = Release|Any CPU
		{ECCF2C12-A8BD-4684-8E4B-1E2F2744CAAB}.Debug|Any CPU.ActiveCfg = Debug|Any CPU
		{ECCF2C12-A8BD-4684-8E4B-1E2F2744CAAB}.Debug|Any CPU.Build.0 = Debug|Any CPU
		{ECCF2C12-A8BD-4684-8E4B-1E2F2744CAAB}.Release|Any CPU.ActiveCfg = Release|Any CPU
		{ECCF2C12-A8BD-4684-8E4B-1E2F2744CAAB}.Release|Any CPU.Build.0 = Release|Any CPU
	EndGlobalSection
EndGlobal
